
Microsoft Visual Studio Solution File, Format Version 12.00
# Visual Studio Version 16
VisualStudioVersion = 16.0.30503.244
MinimumVisualStudioVersion = 10.0.40219.1
Project("{FAE04EC0-301F-11D3-BF4B-00C04F79EFBC}") = "QuizMath", "QuizMath\QuizMath.csproj", "{C94FD154-7F3E-484B-8608-A5CF19D566D4}"
EndProject
Global
	GlobalSection(SolutionConfigurationPlatforms) = preSolution
		Debug|Any CPU = Debug|Any CPU
		Release|Any CPU = Release|Any CPU
	EndGlobalSection
	GlobalSection(ProjectConfigurationPlatforms) = postSolution
		{C94FD154-7F3E-484B-8608-A5CF19D566D4}.Debug|Any CPU.ActiveCfg = Debug|Any CPU
		{C94FD154-7F3E-484B-8608-A5CF19D566D4}.Debug|Any CPU.Build.0 = Debug|Any CPU
		{C94FD154-7F3E-484B-8608-A5CF19D566D4}.Release|Any CPU.ActiveCfg = Release|Any CPU
		{C94FD154-7F3E-484B-8608-A5CF19D566D4}.Release|Any CPU.Build.0 = Release|Any CPU
	EndGlobalSection
	GlobalSection(SolutionProperties) = preSolution
		HideSolutionNode = FALSE
	EndGlobalSection
	GlobalSection(ExtensibilityGlobals) = postSolution
		SolutionGuid = {C5B6189C-1230-4E6E-9F23-DF158F62173B}
	EndGlobalSection
EndGlobal
